
Microsoft Visual Studio Solution File, Format Version 12.00
# Visual Studio Version 17
VisualStudioVersion = 17.11.35327.3
MinimumVisualStudioVersion = 10.0.40219.1
Project("{FAE04EC0-301F-11D3-BF4B-00C04F79EFBC}") = "TaskFour", "TaskFour\TaskFour.csproj", "{23978C8C-3E9F-4804-B165-5C565D7B083D}"
EndProject
Global
	GlobalSection(SolutionConfigurationPlatforms) = preSolution
		Debug|Any CPU = Debug|Any CPU
		Release|Any CPU = Release|Any CPU
	EndGlobalSection
	GlobalSection(ProjectConfigurationPlatforms) = postSolution
		{23978C8C-3E9F-4804-B165-5C565D7B083D}.Debug|Any CPU.ActiveCfg = Debug|Any CPU
		{23978C8C-3E9F-4804-B165-5C565D7B083D}.Debug|Any CPU.Build.0 = Debug|Any CPU
		{23978C8C-3E9F-4804-B165-5C565D7B083D}.Release|Any CPU.ActiveCfg = Release|Any CPU
		{23978C8C-3E9F-4804-B165-5C565D7B083D}.Release|Any CPU.Build.0 = Release|Any CPU
	EndGlobalSection
	GlobalSection(SolutionProperties) = preSolution
		HideSolutionNode = FALSE
	EndGlobalSection
	GlobalSection(ExtensibilityGlobals) = postSolution
		SolutionGuid = {1CFB482A-0952-4CDE-9D71-8E3282B933C7}
	EndGlobalSection
EndGlobal
